<?xml version="1.0" encoding="utf-8"?>
<Project ToolsVersion="4.0" xmlns="http://schemas.microsoft.com/developer/msbuild/2003">
  <ItemGroup>
    <Filter Include="Source Files">
      <UniqueIdentifier>{4FC737F1-C7A5-4376-A066-2A32D752A2FF}</UniqueIdentifier>
      <Extensions>cpp;c;cc;cxx;def;odl;idl;hpj;bat;asm;asmx</Extensions>
    </Filter>
    <Filter Include="Header Files">
      <UniqueIdentifier>{93995380-89BD-4b04-88EB-625FBE52EBFB}</UniqueIdentifier>
      <Extensions>h;hh;hpp;hxx;hm;inl;inc;ipp;xsd</Extensions>
    </Filter>
    <Filter Include="Resource Files">
      <UniqueIdentifier>{67DA6AB6-F800-4c08-8B7A-83BB121AAD01}</UniqueIdentifier>
      <Extensions>rc;ico;cur;bmp;dlg;rc2;rct;bin;rgs;gif;jpg;jpeg;jpe;resx;tiff;tif;png;wav;mfcribbon-ms</Extensions>
    </Filter>
    <Filter Include="Documentation">
      <UniqueIdentifier>{d0e70f2a-0bac-4ca2-9c5b-d4d24add544c}</UniqueIdentifier>
    </Filter>
    <Filter Include="Documentation\freeglut">
      <UniqueIdentifier>{5cb5276d-41e3-42ac-ab7f-303b9461b9d9}</UniqueIdentifier>
    </Filter>
    <Filter Include="Header Files\freeglut">
      <UniqueIdentifier>{e82422c7-4d54-4d7a-b01a-14cb5c06d9c6}</UniqueIdentifier>
    </Filter>
    <Filter Include="Header Files\Fourier">
      <UniqueIdentifier>{e77b5f69-eba5-4e2f-adf0-1287d80f5e94}</UniqueIdentifier>
    </Filter>
    <Filter Include="Header Files\fgr utilities">
      <UniqueIdentifier>{44b28ab4-114e-461f-96f2-769aeb367991}</UniqueIdentifier>
    </Filter>
    <Filter Include="FGRs">
      <UniqueIdentifier>{5dee2b64-af86-4af9-ae04-96c97ca287be}</UniqueIdentifier>
    </Filter>
  </ItemGroup>
  <ItemGroup>
    <ClCompile Include="main.cpp">
      <Filter>Source Files</Filter>
    </ClCompile>
  </ItemGroup>
  <ItemGroup>
    <ClInclude Include="freeglut\include\GL\freeglut.h">
      <Filter>Header Files\freeglut</Filter>
    </ClInclude>
    <ClInclude Include="freeglut\include\GL\freeglut_ext.h">
      <Filter>Header Files\freeglut</Filter>
    </ClInclude>
    <ClInclude Include="freeglut\include\GL\freeglut_std.h">
      <Filter>Header Files\freeglut</Filter>
    </ClInclude>
    <ClInclude Include="freeglut\include\GL\glut.h">
      <Filter>Header Files\freeglut</Filter>
    </ClInclude>
    <ClInclude Include="fourierHeaders\crypt.h">
      <Filter>Header Files\Fourier</Filter>
    </ClInclude>
    <ClInclude Include="fourierHeaders\customgl.h">
      <Filter>Header Files\Fourier</Filter>
    </ClInclude>
    <ClInclude Include="glimmerHeaders\editor.h">
      <Filter>Header Files\Fourier</Filter>
    </ClInclude>
    <ClInclude Include="glimmerHeaders\controls.h">
      <Filter>Header Files</Filter>
    </ClInclude>
    <ClInclude Include="fgrutils\fgrfileops.h">
      <Filter>Header Files\fgr utilities</Filter>
    </ClInclude>
    <ClInclude Include="fgrutils\fgrcolor.h">
      <Filter>Header Files\fgr utilities</Filter>
    </ClInclude>
    <ClInclude Include="fgrutils\fgrgeometry.h">
      <Filter>Header Files\fgr utilities</Filter>
    </ClInclude>
    <ClInclude Include="fgrutils\fgrdrawing.h">
      <Filter>Header Files\fgr utilities</Filter>
    </ClInclude>
    <ClInclude Include="glimmerHeaders\console.h">
      <Filter>Header Files</Filter>
    </ClInclude>
    <ClInclude Include="fgrutils\fgrclasses.h">
      <Filter>Header Files\fgr utilities</Filter>
    </ClInclude>
    <ClInclude Include="fgrutils\fgrutils.h">
      <Filter>Header Files\fgr utilities</Filter>
    </ClInclude>
  </ItemGroup>
  <ItemGroup>
    <None Include="..\..\LICENSE">
      <Filter>Documentation</Filter>
    </None>
    <None Include="..\..\README.md">
      <Filter>Documentation</Filter>
    </None>
    <None Include="eoifjwqoepjfpqwoiejfwe">
      <Filter>FGRs</Filter>
    </None>
    <None Include="h">
      <Filter>FGRs</Filter>
    </None>
    <None Include="iii">
      <Filter>FGRs</Filter>
    </None>
    <None Include="untitled.fgl">
      <Filter>FGRs</Filter>
    </None>
  </ItemGroup>
  <ItemGroup>
    <Text Include="freeglut\Copying.txt">
      <Filter>Documentation\freeglut</Filter>
    </Text>
    <Text Include="freeglut\Readme.txt">
      <Filter>Documentation\freeglut</Filter>
    </Text>
  </ItemGroup>
</Project>